// !$*UTF8*$!
{
	archiveVersion = 1;
	classes = {
	};
	objectVersion = 52;
	objects = {

/* Begin PBXBuildFile section */
		1DC836932529D9BD001CB09E /* AppDelegate.swift in Sources */ = {isa = PBXBuildFile; fileRef = 1DC836922529D9BD001CB09E /* AppDelegate.swift */; };
		1DC836952529D9BD001CB09E /* SceneDelegate.swift in Sources */ = {isa = PBXBuildFile; fileRef = 1DC836942529D9BD001CB09E /* SceneDelegate.swift */; };
		1DC836972529D9BD001CB09E /* ViewController.swift in Sources */ = {isa = PBXBuildFile; fileRef = 1DC836962529D9BD001CB09E /* ViewController.swift */; };
		1DC8369A2529D9BD001CB09E /* Main.storyboard in Resources */ = {isa = PBXBuildFile; fileRef = 1DC836982529D9BD001CB09E /* Main.storyboard */; };
		1DC8369C2529D9C1001CB09E /* Assets.xcassets in Resources */ = {isa = PBXBuildFile; fileRef = 1DC8369B2529D9C1001CB09E /* Assets.xcassets */; };
		1DC8369F2529D9C1001CB09E /* LaunchScreen.storyboard in Resources */ = {isa = PBXBuildFile; fileRef = 1DC8369D2529D9C1001CB09E /* LaunchScreen.storyboard */; };
		1DC836A92529DA27001CB09E /* RxSwift in Frameworks */ = {isa = PBXBuildFile; productRef = 1DC836A82529DA27001CB09E /* RxSwift */; };
		1DC836AC2529DC16001CB09E /* DetailViewController.swift in Sources */ = {isa = PBXBuildFile; fileRef = 1DC836AB2529DC16001CB09E /* DetailViewController.swift */; };
/* End PBXBuildFile section */

/* Begin PBXFileReference section */
		1DC8368F2529D9BD001CB09E /* RxSwiftIntro.app */ = {isa = PBXFileReference; explicitFileType = wrapper.application; includeInIndex = 0; path = RxSwiftIntro.app; sourceTree = BUILT_PRODUCTS_DIR; };
		1DC836922529D9BD001CB09E /* AppDelegate.swift */ = {isa = PBXFileReference; lastKnownFileType = sourcecode.swift; path = AppDelegate.swift; sourceTree = "<group>"; };
		1DC836942529D9BD001CB09E /* SceneDelegate.swift */ = {isa = PBXFileReference; lastKnownFileType = sourcecode.swift; path = SceneDelegate.swift; sourceTree = "<group>"; };
		1DC836962529D9BD001CB09E /* ViewController.swift */ = {isa = PBXFileReference; lastKnownFileType = sourcecode.swift; path = ViewController.swift; sourceTree = "<group>"; };
		1DC836992529D9BD001CB09E /* Base */ = {isa = PBXFileReference; lastKnownFileType = file.storyboard; name = Base; path = Base.lproj/Main.storyboard; sourceTree = "<group>"; };
		1DC8369B2529D9C1001CB09E /* Assets.xcassets */ = {isa = PBXFileReference; lastKnownFileType = folder.assetcatalog; path = Assets.xcassets; sourceTree = "<group>"; };
		1DC8369E2529D9C1001CB09E /* Base */ = {isa = PBXFileReference; lastKnownFileType = file.storyboard; name = Base; path = Base.lproj/LaunchScreen.storyboard; sourceTree = "<group>"; };
		1DC836A02529D9C1001CB09E /* Info.plist */ = {isa = PBXFileReference; lastKnownFileType = text.plist.xml; path = Info.plist; sourceTree = "<group>"; };
		1DC836AB2529DC16001CB09E /* DetailViewController.swift */ = {isa = PBXFileReference; lastKnownFileType = sourcecode.swift; path = DetailViewController.swift; sourceTree = "<group>"; };
/* End PBXFileReference section */

/* Begin PBXFrameworksBuildPhase section */
		1DC8368C2529D9BD001CB09E /* Frameworks */ = {
			isa = PBXFrameworksBuildPhase;
			buildActionMask = 2147483647;
			files = (
				1DC836A92529DA27001CB09E /* RxSwift in Frameworks */,
			);
			runOnlyForDeploymentPostprocessing = 0;
		};
/* End PBXFrameworksBuildPhase section */

/* Begin PBXGroup section */
		1DC836862529D9BD001CB09E = {
			isa = PBXGroup;
			children = (
				1DC836912529D9BD001CB09E /* RxSwiftIntro */,
				1DC836902529D9BD001CB09E /* Products */,
			);
			sourceTree = "<group>";
		};
		1DC836902529D9BD001CB09E /* Products */ = {
			isa = PBXGroup;
			children = (
				1DC8368F2529D9BD001CB09E /* RxSwiftIntro.app */,
			);
			name = Products;
			sourceTree = "<group>";
		};
		1DC836912529D9BD001CB09E /* RxSwiftIntro */ = {
			isa = PBXGroup;
			children = (
				1DC836922529D9BD001CB09E /* AppDelegate.swift */,
				1DC836942529D9BD001CB09E /* SceneDelegate.swift */,
				1DC836962529D9BD001CB09E /* ViewController.swift */,
				1DC836AB2529DC16001CB09E /* DetailViewController.swift */,
				1DC836982529D9BD001CB09E /* Main.storyboard */,
				1DC8369B2529D9C1001CB09E /* Assets.xcassets */,
				1DC8369D2529D9C1001CB09E /* LaunchScreen.storyboard */,
				1DC836A02529D9C1001CB09E /* Info.plist */,
			);
			path = RxSwiftIntro;
			sourceTree = "<group>";
		};
/* End PBXGroup section */

/* Begin PBXNativeTarget section */
		1DC8368E2529D9BD001CB09E /* RxSwiftIntro */ = {
			isa = PBXNativeTarget;
			buildConfigurationList = 1DC836A32529D9C1001CB09E /* Build configuration list for PBXNativeTarget "RxSwiftIntro" */;
			buildPhases = (
				1DC8368B2529D9BD001CB09E /* Sources */,
				1DC8368C2529D9BD001CB09E /* Frameworks */,
				1DC8368D2529D9BD001CB09E /* Resources */,
			);
			buildRules = (
			);
			dependencies = (
			);
			name = RxSwiftIntro;
			packageProductDependencies = (
				1DC836A82529DA27001CB09E /* RxSwift */,
			);
			productName = RxSwiftIntro;
			productReference = 1DC8368F2529D9BD001CB09E /* RxSwiftIntro.app */;
			productType = "com.apple.product-type.application";
		};
/* End PBXNativeTarget section */

/* Begin PBXProject section */
		1DC836872529D9BD001CB09E /* Project object */ = {
			isa = PBXProject;
			attributes = {
				LastSwiftUpdateCheck = 1200;
				LastUpgradeCheck = 1200;
				TargetAttributes = {
					1DC8368E2529D9BD001CB09E = {
						CreatedOnToolsVersion = 12.0.1;
					};
				};
			};
			buildConfigurationList = 1DC8368A2529D9BD001CB09E /* Build configuration list for PBXProject "RxSwiftIntro" */;
			compatibilityVersion = "Xcode 9.3";
			developmentRegion = en;
			hasScannedForEncodings = 0;
			knownRegions = (
				en,
				Base,
			);
			mainGroup = 1DC836862529D9BD001CB09E;
			packageReferences = (
				1DC836A72529DA27001CB09E /* XCRemoteSwiftPackageReference "RxSwift" */,
			);
			productRefGroup = 1DC836902529D9BD001CB09E /* Products */;
			projectDirPath = "";
			projectRoot = "";
			targets = (
				1DC8368E2529D9BD001CB09E /* RxSwiftIntro */,
			);
		};
/* End PBXProject section */

/* Begin PBXResourcesBuildPhase section */
		1DC8368D2529D9BD001CB09E /* Resources */ = {
			isa = PBXResourcesBuildPhase;
			buildActionMask = 2147483647;
			files = (
				1DC8369F2529D9C1001CB09E /* LaunchScreen.storyboard in Resources */,
				1DC8369C2529D9C1001CB09E /* Assets.xcassets in Resources */,
				1DC8369A2529D9BD001CB09E /* Main.storyboard in Resources */,
			);
			runOnlyForDeploymentPostprocessing = 0;
		};
/* End PBXResourcesBuildPhase section */

/* Begin PBXSourcesBuildPhase section */
		1DC8368B2529D9BD001CB09E /* Sources */ = {
			isa = PBXSourcesBuildPhase;
			buildActionMask = 2147483647;
			files = (
				1DC836972529D9BD001CB09E /* ViewController.swift in Sources */,
				1DC836932529D9BD001CB09E /* AppDelegate.swift in Sources */,
				1DC836952529D9BD001CB09E /* SceneDelegate.swift in Sources */,
				1DC836AC2529DC16001CB09E /* DetailViewController.swift in Sources */,
			);
			runOnlyForDeploymentPostprocessing = 0;
		};
/* End PBXSourcesBuildPhase section */

/* Begin PBXVariantGroup section */
		1DC836982529D9BD001CB09E /* Main.storyboard */ = {
			isa = PBXVariantGroup;
			children = (
				1DC836992529D9BD001CB09E /* Base */,
			);
			name = Main.storyboard;
			sourceTree = "<group>";
		};
		1DC8369D2529D9C1001CB09E /* LaunchScreen.storyboard */ = {
			isa = PBXVariantGroup;
			children = (
				1DC8369E2529D9C1001CB09E /* Base */,
			);
			name = LaunchScreen.storyboard;
			sourceTree = "<group>";
		};
/* End PBXVariantGroup section */

/* Begin XCBuildConfiguration section */
		1DC836A12529D9C1001CB09E /* Debug */ = {
			isa = XCBuildConfiguration;
			buildSettings = {
				ALWAYS_SEARCH_USER_PATHS = NO;
				CLANG_ANALYZER_NONNULL = YES;
				CLANG_ANALYZER_NUMBER_OBJECT_CONVERSION = YES_AGGRESSIVE;
				CLANG_CXX_LANGUAGE_STANDARD = "gnu++14";
				CLANG_CXX_LIBRARY = "libc++";
				CLANG_ENABLE_MODULES = YES;
				CLANG_ENABLE_OBJC_ARC = YES;
				CLANG_ENABLE_OBJC_WEAK = YES;
				CLANG_WARN_BLOCK_CAPTURE_AUTORELEASING = YES;
				CLANG_WARN_BOOL_CONVERSION = YES;
				CLANG_WARN_COMMA = YES;
				CLANG_WARN_CONSTANT_CONVERSION = YES;
				CLANG_WARN_DEPRECATED_OBJC_IMPLEMENTATIONS = YES;
				CLANG_WARN_DIRECT_OBJC_ISA_USAGE = YES_ERROR;
				CLANG_WARN_DOCUMENTATION_COMMENTS = YES;
				CLANG_WARN_EMPTY_BODY = YES;
				CLANG_WARN_ENUM_CONVERSION = YES;
				CLANG_WARN_INFINITE_RECURSION = YES;
				CLANG_WARN_INT_CONVERSION = YES;
				CLANG_WARN_NON_LITERAL_NULL_CONVERSION = YES;
				CLANG_WARN_OBJC_IMPLICIT_RETAIN_SELF = YES;
				CLANG_WARN_OBJC_LITERAL_CONVERSION = YES;
				CLANG_WARN_OBJC_ROOT_CLASS = YES_ERROR;
				CLANG_WARN_QUOTED_INCLUDE_IN_FRAMEWORK_HEADER = YES;
				CLANG_WARN_RANGE_LOOP_ANALYSIS = YES;
				CLANG_WARN_STRICT_PROTOTYPES = YES;
				CLANG_WARN_SUSPICIOUS_MOVE = YES;
				CLANG_WARN_UNGUARDED_AVAILABILITY = YES_AGGRESSIVE;
				CLANG_WARN_UNREACHABLE_CODE = YES;
				CLANG_WARN__DUPLICATE_METHOD_MATCH = YES;
				COPY_PHASE_STRIP = NO;
				DEBUG_INFORMATION_FORMAT = dwarf;
				ENABLE_STRICT_OBJC_MSGSEND = YES;
				ENABLE_TESTABILITY = YES;
				GCC_C_LANGUAGE_STANDARD = gnu11;
				GCC_DYNAMIC_NO_PIC = NO;
				GCC_NO_COMMON_BLOCKS = YES;
				GCC_OPTIMIZATION_LEVEL = 0;
				GCC_PREPROCESSOR_DEFINITIONS = (
					"DEBUG=1",
					"$(inherited)",
				);
				GCC_WARN_64_TO_32_BIT_CONVERSION = YES;
				GCC_WARN_ABOUT_RETURN_TYPE = YES_ERROR;
				GCC_WARN_UNDECLARED_SELECTOR = YES;
				GCC_WARN_UNINITIALIZED_AUTOS = YES_AGGRESSIVE;
				GCC_WARN_UNUSED_FUNCTION = YES;
				GCC_WARN_UNUSED_VARIABLE = YES;
				IPHONEOS_DEPLOYMENT_TARGET = 14.0;
				MTL_ENABLE_DEBUG_INFO = INCLUDE_SOURCE;
				MTL_FAST_MATH = YES;
				ONLY_ACTIVE_ARCH = YES;
				SDKROOT = iphoneos;
				SWIFT_ACTIVE_COMPILATION_CONDITIONS = DEBUG;
				SWIFT_OPTIMIZATION_LEVEL = "-Onone";
			};
			name = Debug;
		};
		1DC836A22529D9C1001CB09E /* Release */ = {
			isa = XCBuildConfiguration;
			buildSettings = {
				ALWAYS_SEARCH_USER_PATHS = NO;
				CLANG_ANALYZER_NONNULL = YES;
				CLANG_ANALYZER_NUMBER_OBJECT_CONVERSION = YES_AGGRESSIVE;
				CLANG_CXX_LANGUAGE_STANDARD = "gnu++14";
				CLANG_CXX_LIBRARY = "libc++";
				CLANG_ENABLE_MODULES = YES;
				CLANG_ENABLE_OBJC_ARC = YES;
				CLANG_ENABLE_OBJC_WEAK = YES;
				CLANG_WARN_BLOCK_CAPTURE_AUTORELEASING = YES;
				CLANG_WARN_BOOL_CONVERSION = YES;
				CLANG_WARN_COMMA = YES;
				CLANG_WARN_CONSTANT_CONVERSION = YES;
				CLANG_WARN_DEPRECATED_OBJC_IMPLEMENTATIONS = YES;
				CLANG_WARN_DIRECT_OBJC_ISA_USAGE = YES_ERROR;
				CLANG_WARN_DOCUMENTATION_COMMENTS = YES;
				CLANG_WARN_EMPTY_BODY = YES;
				CLANG_WARN_ENUM_CONVERSION = YES;
				CLANG_WARN_INFINITE_RECURSION = YES;
				CLANG_WARN_INT_CONVERSION = YES;
				CLANG_WARN_NON_LITERAL_NULL_CONVERSION = YES;
				CLANG_WARN_OBJC_IMPLICIT_RETAIN_SELF = YES;
				CLANG_WARN_OBJC_LITERAL_CONVERSION = YES;
				CLANG_WARN_OBJC_ROOT_CLASS = YES_ERROR;
				CLANG_WARN_QUOTED_INCLUDE_IN_FRAMEWORK_HEADER = YES;
				CLANG_WARN_RANGE_LOOP_ANALYSIS = YES;
				CLANG_WARN_STRICT_PROTOTYPES = YES;
				CLANG_WARN_SUSPICIOUS_MOVE = YES;
				CLANG_WARN_UNGUARDED_AVAILABILITY = YES_AGGRESSIVE;
				CLANG_WARN_UNREACHABLE_CODE = YES;
				CLANG_WARN__DUPLICATE_METHOD_MATCH = YES;
				COPY_PHASE_STRIP = NO;
				DEBUG_INFORMATION_FORMAT = "dwarf-with-dsym";
				ENABLE_NS_ASSERTIONS = NO;
				ENABLE_STRICT_OBJC_MSGSEND = YES;
				GCC_C_LANGUAGE_STANDARD = gnu11;
				GCC_NO_COMMON_BLOCKS = YES;
				GCC_WARN_64_TO_32_BIT_CONVERSION = YES;
				GCC_WARN_ABOUT_RETURN_TYPE = YES_ERROR;
				GCC_WARN_UNDECLARED_SELECTOR = YES;
				GCC_WARN_UNINITIALIZED_AUTOS = YES_AGGRESSIVE;
				GCC_WARN_UNUSED_FUNCTION = YES;
				GCC_WARN_UNUSED_VARIABLE = YES;
				IPHONEOS_DEPLOYMENT_TARGET = 14.0;
				MTL_ENABLE_DEBUG_INFO = NO;
				MTL_FAST_MATH = YES;
				SDKROOT = iphoneos;
				SWIFT_COMPILATION_MODE = wholemodule;
				SWIFT_OPTIMIZATION_LEVEL = "-O";
				VALIDATE_PRODUCT = YES;
			};
			name = Release;
		};
		1DC836A42529D9C1001CB09E /* Debug */ = {
			isa = XCBuildConfiguration;
			buildSettings = {
				ASSETCATALOG_COMPILER_APPICON_NAME = AppIcon;
				ASSETCATALOG_COMPILER_GLOBAL_ACCENT_COLOR_NAME = AccentColor;
				CODE_SIGN_STYLE = Automatic;
				DEVELOPMENT_TEAM = L8W86DZDY2;
				INFOPLIST_FILE = RxSwiftIntro/Info.plist;
				LD_RUNPATH_SEARCH_PATHS = (
					"$(inherited)",
					"@executable_path/Frameworks",
				);
				PRODUCT_BUNDLE_IDENTIFIER = com.ri.RxSwiftIntro;
				PRODUCT_NAME = "$(TARGET_NAME)";
				SWIFT_VERSION = 5.0;
				TARGETED_DEVICE_FAMILY = "1,2";
			};
			name = Debug;
		};
		1DC836A52529D9C1001CB09E /* Release */ = {
			isa = XCBuildConfiguration;
			buildSettings = {
				ASSETCATALOG_COMPILER_APPICON_NAME = AppIcon;
				ASSETCATALOG_COMPILER_GLOBAL_ACCENT_COLOR_NAME = AccentColor;
				CODE_SIGN_STYLE = Automatic;
				DEVELOPMENT_TEAM = L8W86DZDY2;
				INFOPLIST_FILE = RxSwiftIntro/Info.plist;
				LD_RUNPATH_SEARCH_PATHS = (
					"$(inherited)",
					"@executable_path/Frameworks",
				);
				PRODUCT_BUNDLE_IDENTIFIER = com.ri.RxSwiftIntro;
				PRODUCT_NAME = "$(TARGET_NAME)";
				SWIFT_VERSION = 5.0;
				TARGETED_DEVICE_FAMILY = "1,2";
			};
			name = Release;
		};
/* End XCBuildConfiguration section */

/* Begin XCConfigurationList section */
		1DC8368A2529D9BD001CB09E /* Build configuration list for PBXProject "RxSwiftIntro" */ = {
			isa = XCConfigurationList;
			buildConfigurations = (
				1DC836A12529D9C1001CB09E /* Debug */,
				1DC836A22529D9C1001CB09E /* Release */,
			);
			defaultConfigurationIsVisible = 0;
			defaultConfigurationName = Release;
		};
		1DC836A32529D9C1001CB09E /* Build configuration list for PBXNativeTarget "RxSwiftIntro" */ = {
			isa = XCConfigurationList;
			buildConfigurations = (
				1DC836A42529D9C1001CB09E /* Debug */,
				1DC836A52529D9C1001CB09E /* Release */,
			);
			defaultConfigurationIsVisible = 0;
			defaultConfigurationName = Release;
		};
/* End XCConfigurationList section */

/* Begin XCRemoteSwiftPackageReference section */
		1DC836A72529DA27001CB09E /* XCRemoteSwiftPackageReference "RxSwift" */ = {
			isa = XCRemoteSwiftPackageReference;
			repositoryURL = "https://github.com/ReactiveX/RxSwift.git";
			requirement = {
				kind = upToNextMajorVersion;
				minimumVersion = 5.1.1;
			};
		};
/* End XCRemoteSwiftPackageReference section */

/* Begin XCSwiftPackageProductDependency section */
		1DC836A82529DA27001CB09E /* RxSwift */ = {
			isa = XCSwiftPackageProductDependency;
			package = 1DC836A72529DA27001CB09E /* XCRemoteSwiftPackageReference "RxSwift" */;
			productName = RxSwift;
		};
/* End XCSwiftPackageProductDependency section */
	};
	rootObject = 1DC836872529D9BD001CB09E /* Project object */;
}
